
Microsoft Visual Studio Solution File, Format Version 12.00
# Visual Studio 15
VisualStudioVersion = 15.0.28010.2016
MinimumVisualStudioVersion = 10.0.40219.1
Project("{FAE04EC0-301F-11D3-BF4B-00C04F79EFBC}") = "Diakont2", "Diakont2\Diakont2.csproj", "{FA8BCC87-6962-442A-98D0-449C8E839437}"
EndProject
Global
	GlobalSection(SolutionConfigurationPlatforms) = preSolution
		Debug|Any CPU = Debug|Any CPU
		Release|Any CPU = Release|Any CPU
	EndGlobalSection
	GlobalSection(ProjectConfigurationPlatforms) = postSolution
		{FA8BCC87-6962-442A-98D0-449C8E839437}.Debug|Any CPU.ActiveCfg = Debug|Any CPU
		{FA8BCC87-6962-442A-98D0-449C8E839437}.Debug|Any CPU.Build.0 = Debug|Any CPU
		{FA8BCC87-6962-442A-98D0-449C8E839437}.Release|Any CPU.ActiveCfg = Release|Any CPU
		{FA8BCC87-6962-442A-98D0-449C8E839437}.Release|Any CPU.Build.0 = Release|Any CPU
	EndGlobalSection
	GlobalSection(SolutionProperties) = preSolution
		HideSolutionNode = FALSE
	EndGlobalSection
	GlobalSection(ExtensibilityGlobals) = postSolution
		SolutionGuid = {582FF60F-5946-4530-A52D-898723338129}
	EndGlobalSection
EndGlobal
